
Microsoft Visual Studio Solution File, Format Version 12.00
# Visual Studio 2015
Project("{FAE04EC0-301F-11D3-BF4B-00C04F79EFBC}") = "RhinoFPS.Plugins", "RhinoFPS.Plugins.csproj", "{78B14B93-EDB4-1CAE-6B17-3683733F924E}"
EndProject
Project("{FAE04EC0-301F-11D3-BF4B-00C04F79EFBC}") = "RhinoFPS", "RhinoFPS.csproj", "{3DE0B871-620C-00AF-41E9-FEFEDECAEC13}"
EndProject
Project("{FAE04EC0-301F-11D3-BF4B-00C04F79EFBC}") = "RhinoFPS.Editor", "RhinoFPS.Editor.csproj", "{B3CC13CC-B75C-5177-D6C4-1AF5F4818BEB}"
EndProject
Global
	GlobalSection(SolutionConfigurationPlatforms) = preSolution
		Debug|Any CPU = Debug|Any CPU
		Release|Any CPU = Release|Any CPU
	EndGlobalSection
	GlobalSection(ProjectConfigurationPlatforms) = postSolution
		{78B14B93-EDB4-1CAE-6B17-3683733F924E}.Debug|Any CPU.ActiveCfg = Debug|Any CPU
		{78B14B93-EDB4-1CAE-6B17-3683733F924E}.Debug|Any CPU.Build.0 = Debug|Any CPU
		{78B14B93-EDB4-1CAE-6B17-3683733F924E}.Release|Any CPU.ActiveCfg = Release|Any CPU
		{78B14B93-EDB4-1CAE-6B17-3683733F924E}.Release|Any CPU.Build.0 = Release|Any CPU
		{3DE0B871-620C-00AF-41E9-FEFEDECAEC13}.Debug|Any CPU.ActiveCfg = Debug|Any CPU
		{3DE0B871-620C-00AF-41E9-FEFEDECAEC13}.Debug|Any CPU.Build.0 = Debug|Any CPU
		{3DE0B871-620C-00AF-41E9-FEFEDECAEC13}.Release|Any CPU.ActiveCfg = Release|Any CPU
		{3DE0B871-620C-00AF-41E9-FEFEDECAEC13}.Release|Any CPU.Build.0 = Release|Any CPU
		{B3CC13CC-B75C-5177-D6C4-1AF5F4818BEB}.Debug|Any CPU.ActiveCfg = Debug|Any CPU
		{B3CC13CC-B75C-5177-D6C4-1AF5F4818BEB}.Debug|Any CPU.Build.0 = Debug|Any CPU
		{B3CC13CC-B75C-5177-D6C4-1AF5F4818BEB}.Release|Any CPU.ActiveCfg = Release|Any CPU
		{B3CC13CC-B75C-5177-D6C4-1AF5F4818BEB}.Release|Any CPU.Build.0 = Release|Any CPU
	EndGlobalSection
	GlobalSection(SolutionProperties) = preSolution
		HideSolutionNode = FALSE
	EndGlobalSection
EndGlobal
