
Microsoft Visual Studio Solution File, Format Version 12.00
# Visual Studio 2015
Project("{FAE04EC0-301F-11D3-BF4B-00C04F79EFBC}") = "RhinoFPS.CSharp", "RhinoFPS.CSharp.csproj", "{F4AFAF64-E3E8-BC50-905C-8F7AEF48E858}"
EndProject
Project("{FAE04EC0-301F-11D3-BF4B-00C04F79EFBC}") = "RhinoFPS.CSharp.Editor", "RhinoFPS.CSharp.Editor.csproj", "{33883B34-A278-798F-0AE2-4EBF5999E8AF}"
EndProject
Global
	GlobalSection(SolutionConfigurationPlatforms) = preSolution
		Debug|Any CPU = Debug|Any CPU
		Release|Any CPU = Release|Any CPU
	EndGlobalSection
	GlobalSection(ProjectConfigurationPlatforms) = postSolution
		{F4AFAF64-E3E8-BC50-905C-8F7AEF48E858}.Debug|Any CPU.ActiveCfg = Debug|Any CPU
		{F4AFAF64-E3E8-BC50-905C-8F7AEF48E858}.Debug|Any CPU.Build.0 = Debug|Any CPU
		{F4AFAF64-E3E8-BC50-905C-8F7AEF48E858}.Release|Any CPU.ActiveCfg = Release|Any CPU
		{F4AFAF64-E3E8-BC50-905C-8F7AEF48E858}.Release|Any CPU.Build.0 = Release|Any CPU
		{33883B34-A278-798F-0AE2-4EBF5999E8AF}.Debug|Any CPU.ActiveCfg = Debug|Any CPU
		{33883B34-A278-798F-0AE2-4EBF5999E8AF}.Debug|Any CPU.Build.0 = Debug|Any CPU
		{33883B34-A278-798F-0AE2-4EBF5999E8AF}.Release|Any CPU.ActiveCfg = Release|Any CPU
		{33883B34-A278-798F-0AE2-4EBF5999E8AF}.Release|Any CPU.Build.0 = Release|Any CPU
	EndGlobalSection
	GlobalSection(SolutionProperties) = preSolution
		HideSolutionNode = FALSE
	EndGlobalSection
EndGlobal
